// !$*UTF8*$!
{
	archiveVersion = 1;
	classes = {
	};
	objectVersion = 50;
	objects = {

/* Begin PBXBuildFile section */
		8BE666C7237ACDAF007B0F4E /* AppDelegate.swift in Sources */ = {isa = PBXBuildFile; fileRef = 8BE666C6237ACDAF007B0F4E /* AppDelegate.swift */; };
		8BE666C9237ACDAF007B0F4E /* SceneDelegate.swift in Sources */ = {isa = PBXBuildFile; fileRef = 8BE666C8237ACDAF007B0F4E /* SceneDelegate.swift */; };
		8BE666CB237ACDAF007B0F4E /* ContentView.swift in Sources */ = {isa = PBXBuildFile; fileRef = 8BE666CA237ACDAF007B0F4E /* ContentView.swift */; };
		8BE666CD237ACDB0007B0F4E /* Assets.xcassets in Resources */ = {isa = PBXBuildFile; fileRef = 8BE666CC237ACDB0007B0F4E /* Assets.xcassets */; };
		8BE666D0237ACDB0007B0F4E /* Preview Assets.xcassets in Resources */ = {isa = PBXBuildFile; fileRef = 8BE666CF237ACDB0007B0F4E /* Preview Assets.xcassets */; };
		8BE666D3237ACDB0007B0F4E /* LaunchScreen.storyboard in Resources */ = {isa = PBXBuildFile; fileRef = 8BE666D1237ACDB0007B0F4E /* LaunchScreen.storyboard */; };
/* End PBXBuildFile section */

/* Begin PBXFileReference section */
		8BE666C3237ACDAF007B0F4E /* Hygrung?.app */ = {isa = PBXFileReference; explicitFileType = wrapper.application; includeInIndex = 0; path = "Hygrung?.app"; sourceTree = BUILT_PRODUCTS_DIR; };
		8BE666C6237ACDAF007B0F4E /* AppDelegate.swift */ = {isa = PBXFileReference; lastKnownFileType = sourcecode.swift; path = AppDelegate.swift; sourceTree = "<group>"; };
		8BE666C8237ACDAF007B0F4E /* SceneDelegate.swift */ = {isa = PBXFileReference; lastKnownFileType = sourcecode.swift; path = SceneDelegate.swift; sourceTree = "<group>"; };
		8BE666CA237ACDAF007B0F4E /* ContentView.swift */ = {isa = PBXFileReference; lastKnownFileType = sourcecode.swift; path = ContentView.swift; sourceTree = "<group>"; };
		8BE666CC237ACDB0007B0F4E /* Assets.xcassets */ = {isa = PBXFileReference; lastKnownFileType = folder.assetcatalog; path = Assets.xcassets; sourceTree = "<group>"; };
		8BE666CF237ACDB0007B0F4E /* Preview Assets.xcassets */ = {isa = PBXFileReference; lastKnownFileType = folder.assetcatalog; path = "Preview Assets.xcassets"; sourceTree = "<group>"; };
		8BE666D2237ACDB0007B0F4E /* Base */ = {isa = PBXFileReference; lastKnownFileType = file.storyboard; name = Base; path = Base.lproj/LaunchScreen.storyboard; sourceTree = "<group>"; };
		8BE666D4237ACDB0007B0F4E /* Info.plist */ = {isa = PBXFileReference; lastKnownFileType = text.plist.xml; path = Info.plist; sourceTree = "<group>"; };
/* End PBXFileReference section */

/* Begin PBXFrameworksBuildPhase section */
		8BE666C0237ACDAF007B0F4E /* Frameworks */ = {
			isa = PBXFrameworksBuildPhase;
			buildActionMask = 2147483647;
			files = (
			);
			runOnlyForDeploymentPostprocessing = 0;
		};
/* End PBXFrameworksBuildPhase section */

/* Begin PBXGroup section */
		8BE666BA237ACDAF007B0F4E = {
			isa = PBXGroup;
			children = (
				8BE666C5237ACDAF007B0F4E /* Hygrung? */,
				8BE666C4237ACDAF007B0F4E /* Products */,
			);
			sourceTree = "<group>";
		};
		8BE666C4237ACDAF007B0F4E /* Products */ = {
			isa = PBXGroup;
			children = (
				8BE666C3237ACDAF007B0F4E /* Hygrung?.app */,
			);
			name = Products;
			sourceTree = "<group>";
		};
		8BE666C5237ACDAF007B0F4E /* Hygrung? */ = {
			isa = PBXGroup;
			children = (
				8BE666C6237ACDAF007B0F4E /* AppDelegate.swift */,
				8BE666C8237ACDAF007B0F4E /* SceneDelegate.swift */,
				8BE666CA237ACDAF007B0F4E /* ContentView.swift */,
				8BE666CC237ACDB0007B0F4E /* Assets.xcassets */,
				8BE666D1237ACDB0007B0F4E /* LaunchScreen.storyboard */,
				8BE666D4237ACDB0007B0F4E /* Info.plist */,
				8BE666CE237ACDB0007B0F4E /* Preview Content */,
			);
			path = "Hygrung?";
			sourceTree = "<group>";
		};
		8BE666CE237ACDB0007B0F4E /* Preview Content */ = {
			isa = PBXGroup;
			children = (
				8BE666CF237ACDB0007B0F4E /* Preview Assets.xcassets */,
			);
			path = "Preview Content";
			sourceTree = "<group>";
		};
/* End PBXGroup section */

/* Begin PBXNativeTarget section */
		8BE666C2237ACDAF007B0F4E /* Hygrung? */ = {
			isa = PBXNativeTarget;
			buildConfigurationList = 8BE666D7237ACDB0007B0F4E /* Build configuration list for PBXNativeTarget "Hygrung?" */;
			buildPhases = (
				8BE666BF237ACDAF007B0F4E /* Sources */,
				8BE666C0237ACDAF007B0F4E /* Frameworks */,
				8BE666C1237ACDAF007B0F4E /* Resources */,
			);
			buildRules = (
			);
			dependencies = (
			);
			name = "Hygrung?";
			productName = "Hygrung?";
			productReference = 8BE666C3237ACDAF007B0F4E /* Hygrung?.app */;
			productType = "com.apple.product-type.application";
		};
/* End PBXNativeTarget section */

/* Begin PBXProject section */
		8BE666BB237ACDAF007B0F4E /* Project object */ = {
			isa = PBXProject;
			attributes = {
				LastSwiftUpdateCheck = 1120;
				LastUpgradeCheck = 1120;
				ORGANIZATIONNAME = "Nont Natchanont";
				TargetAttributes = {
					8BE666C2237ACDAF007B0F4E = {
						CreatedOnToolsVersion = 11.2;
					};
				};
			};
			buildConfigurationList = 8BE666BE237ACDAF007B0F4E /* Build configuration list for PBXProject "Hygrung?" */;
			compatibilityVersion = "Xcode 9.3";
			developmentRegion = en;
			hasScannedForEncodings = 0;
			knownRegions = (
				en,
				Base,
			);
			mainGroup = 8BE666BA237ACDAF007B0F4E;
			productRefGroup = 8BE666C4237ACDAF007B0F4E /* Products */;
			projectDirPath = "";
			projectRoot = "";
			targets = (
				8BE666C2237ACDAF007B0F4E /* Hygrung? */,
			);
		};
/* End PBXProject section */

/* Begin PBXResourcesBuildPhase section */
		8BE666C1237ACDAF007B0F4E /* Resources */ = {
			isa = PBXResourcesBuildPhase;
			buildActionMask = 2147483647;
			files = (
				8BE666D3237ACDB0007B0F4E /* LaunchScreen.storyboard in Resources */,
				8BE666D0237ACDB0007B0F4E /* Preview Assets.xcassets in Resources */,
				8BE666CD237ACDB0007B0F4E /* Assets.xcassets in Resources */,
			);
			runOnlyForDeploymentPostprocessing = 0;
		};
/* End PBXResourcesBuildPhase section */

/* Begin PBXSourcesBuildPhase section */
		8BE666BF237ACDAF007B0F4E /* Sources */ = {
			isa = PBXSourcesBuildPhase;
			buildActionMask = 2147483647;
			files = (
				8BE666C7237ACDAF007B0F4E /* AppDelegate.swift in Sources */,
				8BE666C9237ACDAF007B0F4E /* SceneDelegate.swift in Sources */,
				8BE666CB237ACDAF007B0F4E /* ContentView.swift in Sources */,
			);
			runOnlyForDeploymentPostprocessing = 0;
		};
/* End PBXSourcesBuildPhase section */

/* Begin PBXVariantGroup section */
		8BE666D1237ACDB0007B0F4E /* LaunchScreen.storyboard */ = {
			isa = PBXVariantGroup;
			children = (
				8BE666D2237ACDB0007B0F4E /* Base */,
			);
			name = LaunchScreen.storyboard;
			sourceTree = "<group>";
		};
/* End PBXVariantGroup section */

/* Begin XCBuildConfiguration section */
		8BE666D5237ACDB0007B0F4E /* Debug */ = {
			isa = XCBuildConfiguration;
			buildSettings = {
				ALWAYS_SEARCH_USER_PATHS = NO;
				CLANG_ANALYZER_NONNULL = YES;
				CLANG_ANALYZER_NUMBER_OBJECT_CONVERSION = YES_AGGRESSIVE;
				CLANG_CXX_LANGUAGE_STANDARD = "gnu++14";
				CLANG_CXX_LIBRARY = "libc++";
				CLANG_ENABLE_MODULES = YES;
				CLANG_ENABLE_OBJC_ARC = YES;
				CLANG_ENABLE_OBJC_WEAK = YES;
				CLANG_WARN_BLOCK_CAPTURE_AUTORELEASING = YES;
				CLANG_WARN_BOOL_CONVERSION = YES;
				CLANG_WARN_COMMA = YES;
				CLANG_WARN_CONSTANT_CONVERSION = YES;
				CLANG_WARN_DEPRECATED_OBJC_IMPLEMENTATIONS = YES;
				CLANG_WARN_DIRECT_OBJC_ISA_USAGE = YES_ERROR;
				CLANG_WARN_DOCUMENTATION_COMMENTS = YES;
				CLANG_WARN_EMPTY_BODY = YES;
				CLANG_WARN_ENUM_CONVERSION = YES;
				CLANG_WARN_INFINITE_RECURSION = YES;
				CLANG_WARN_INT_CONVERSION = YES;
				CLANG_WARN_NON_LITERAL_NULL_CONVERSION = YES;
				CLANG_WARN_OBJC_IMPLICIT_RETAIN_SELF = YES;
				CLANG_WARN_OBJC_LITERAL_CONVERSION = YES;
				CLANG_WARN_OBJC_ROOT_CLASS = YES_ERROR;
				CLANG_WARN_RANGE_LOOP_ANALYSIS = YES;
				CLANG_WARN_STRICT_PROTOTYPES = YES;
				CLANG_WARN_SUSPICIOUS_MOVE = YES;
				CLANG_WARN_UNGUARDED_AVAILABILITY = YES_AGGRESSIVE;
				CLANG_WARN_UNREACHABLE_CODE = YES;
				CLANG_WARN__DUPLICATE_METHOD_MATCH = YES;
				COPY_PHASE_STRIP = NO;
				DEBUG_INFORMATION_FORMAT = dwarf;
				ENABLE_STRICT_OBJC_MSGSEND = YES;
				ENABLE_TESTABILITY = YES;
				GCC_C_LANGUAGE_STANDARD = gnu11;
				GCC_DYNAMIC_NO_PIC = NO;
				GCC_NO_COMMON_BLOCKS = YES;
				GCC_OPTIMIZATION_LEVEL = 0;
				GCC_PREPROCESSOR_DEFINITIONS = (
					"DEBUG=1",
					"$(inherited)",
				);
				GCC_WARN_64_TO_32_BIT_CONVERSION = YES;
				GCC_WARN_ABOUT_RETURN_TYPE = YES_ERROR;
				GCC_WARN_UNDECLARED_SELECTOR = YES;
				GCC_WARN_UNINITIALIZED_AUTOS = YES_AGGRESSIVE;
				GCC_WARN_UNUSED_FUNCTION = YES;
				GCC_WARN_UNUSED_VARIABLE = YES;
				IPHONEOS_DEPLOYMENT_TARGET = 13.2;
				MTL_ENABLE_DEBUG_INFO = INCLUDE_SOURCE;
				MTL_FAST_MATH = YES;
				ONLY_ACTIVE_ARCH = YES;
				SDKROOT = iphoneos;
				SWIFT_ACTIVE_COMPILATION_CONDITIONS = DEBUG;
				SWIFT_OPTIMIZATION_LEVEL = "-Onone";
			};
			name = Debug;
		};
		8BE666D6237ACDB0007B0F4E /* Release */ = {
			isa = XCBuildConfiguration;
			buildSettings = {
				ALWAYS_SEARCH_USER_PATHS = NO;
				CLANG_ANALYZER_NONNULL = YES;
				CLANG_ANALYZER_NUMBER_OBJECT_CONVERSION = YES_AGGRESSIVE;
				CLANG_CXX_LANGUAGE_STANDARD = "gnu++14";
				CLANG_CXX_LIBRARY = "libc++";
				CLANG_ENABLE_MODULES = YES;
				CLANG_ENABLE_OBJC_ARC = YES;
				CLANG_ENABLE_OBJC_WEAK = YES;
				CLANG_WARN_BLOCK_CAPTURE_AUTORELEASING = YES;
				CLANG_WARN_BOOL_CONVERSION = YES;
				CLANG_WARN_COMMA = YES;
				CLANG_WARN_CONSTANT_CONVERSION = YES;
				CLANG_WARN_DEPRECATED_OBJC_IMPLEMENTATIONS = YES;
				CLANG_WARN_DIRECT_OBJC_ISA_USAGE = YES_ERROR;
				CLANG_WARN_DOCUMENTATION_COMMENTS = YES;
				CLANG_WARN_EMPTY_BODY = YES;
				CLANG_WARN_ENUM_CONVERSION = YES;
				CLANG_WARN_INFINITE_RECURSION = YES;
				CLANG_WARN_INT_CONVERSION = YES;
				CLANG_WARN_NON_LITERAL_NULL_CONVERSION = YES;
				CLANG_WARN_OBJC_IMPLICIT_RETAIN_SELF = YES;
				CLANG_WARN_OBJC_LITERAL_CONVERSION = YES;
				CLANG_WARN_OBJC_ROOT_CLASS = YES_ERROR;
				CLANG_WARN_RANGE_LOOP_ANALYSIS = YES;
				CLANG_WARN_STRICT_PROTOTYPES = YES;
				CLANG_WARN_SUSPICIOUS_MOVE = YES;
				CLANG_WARN_UNGUARDED_AVAILABILITY = YES_AGGRESSIVE;
				CLANG_WARN_UNREACHABLE_CODE = YES;
				CLANG_WARN__DUPLICATE_METHOD_MATCH = YES;
				COPY_PHASE_STRIP = NO;
				DEBUG_INFORMATION_FORMAT = "dwarf-with-dsym";
				ENABLE_NS_ASSERTIONS = NO;
				ENABLE_STRICT_OBJC_MSGSEND = YES;
				GCC_C_LANGUAGE_STANDARD = gnu11;
				GCC_NO_COMMON_BLOCKS = YES;
				GCC_WARN_64_TO_32_BIT_CONVERSION = YES;
				GCC_WARN_ABOUT_RETURN_TYPE = YES_ERROR;
				GCC_WARN_UNDECLARED_SELECTOR = YES;
				GCC_WARN_UNINITIALIZED_AUTOS = YES_AGGRESSIVE;
				GCC_WARN_UNUSED_FUNCTION = YES;
				GCC_WARN_UNUSED_VARIABLE = YES;
				IPHONEOS_DEPLOYMENT_TARGET = 13.2;
				MTL_ENABLE_DEBUG_INFO = NO;
				MTL_FAST_MATH = YES;
				SDKROOT = iphoneos;
				SWIFT_COMPILATION_MODE = wholemodule;
				SWIFT_OPTIMIZATION_LEVEL = "-O";
				VALIDATE_PRODUCT = YES;
			};
			name = Release;
		};
		8BE666D8237ACDB0007B0F4E /* Debug */ = {
			isa = XCBuildConfiguration;
			buildSettings = {
				ASSETCATALOG_COMPILER_APPICON_NAME = AppIcon;
				CODE_SIGN_STYLE = Automatic;
				DEVELOPMENT_ASSET_PATHS = "\"Hygrung?/Preview Content\"";
				ENABLE_PREVIEWS = YES;
				INFOPLIST_FILE = "Hygrung?/Info.plist";
				LD_RUNPATH_SEARCH_PATHS = (
					"$(inherited)",
					"@executable_path/Frameworks",
				);
				PRODUCT_BUNDLE_IDENTIFIER = "natnont.kmitl.Hygrung-";
				PRODUCT_NAME = "$(TARGET_NAME)";
				SWIFT_VERSION = 5.0;
				TARGETED_DEVICE_FAMILY = "1,2";
			};
			name = Debug;
		};
		8BE666D9237ACDB0007B0F4E /* Release */ = {
			isa = XCBuildConfiguration;
			buildSettings = {
				ASSETCATALOG_COMPILER_APPICON_NAME = AppIcon;
				CODE_SIGN_STYLE = Automatic;
				DEVELOPMENT_ASSET_PATHS = "\"Hygrung?/Preview Content\"";
				ENABLE_PREVIEWS = YES;
				INFOPLIST_FILE = "Hygrung?/Info.plist";
				LD_RUNPATH_SEARCH_PATHS = (
					"$(inherited)",
					"@executable_path/Frameworks",
				);
				PRODUCT_BUNDLE_IDENTIFIER = "natnont.kmitl.Hygrung-";
				PRODUCT_NAME = "$(TARGET_NAME)";
				SWIFT_VERSION = 5.0;
				TARGETED_DEVICE_FAMILY = "1,2";
			};
			name = Release;
		};
/* End XCBuildConfiguration section */

/* Begin XCConfigurationList section */
		8BE666BE237ACDAF007B0F4E /* Build configuration list for PBXProject "Hygrung?" */ = {
			isa = XCConfigurationList;
			buildConfigurations = (
				8BE666D5237ACDB0007B0F4E /* Debug */,
				8BE666D6237ACDB0007B0F4E /* Release */,
			);
			defaultConfigurationIsVisible = 0;
			defaultConfigurationName = Release;
		};
		8BE666D7237ACDB0007B0F4E /* Build configuration list for PBXNativeTarget "Hygrung?" */ = {
			isa = XCConfigurationList;
			buildConfigurations = (
				8BE666D8237ACDB0007B0F4E /* Debug */,
				8BE666D9237ACDB0007B0F4E /* Release */,
			);
			defaultConfigurationIsVisible = 0;
			defaultConfigurationName = Release;
		};
/* End XCConfigurationList section */
	};
	rootObject = 8BE666BB237ACDAF007B0F4E /* Project object */;
}
